
Microsoft Visual Studio Solution File, Format Version 12.00
# Visual Studio Version 16
VisualStudioVersion = 16.0.33130.400
MinimumVisualStudioVersion = 10.0.40219.1
Project("{8BC9CEB8-8B4A-11D0-8D11-00A0C91BC942}") = "phys_sim", "phys_sim.vcxproj", "{49318A27-22CE-469B-9552-633C01AA781A}"
EndProject
Global
	GlobalSection(SolutionConfigurationPlatforms) = preSolution
		Debug|Win32 = Debug|Win32
		Debug|x64 = Debug|x64
		Release|Win32 = Release|Win32
		Release|x64 = Release|x64
	EndGlobalSection
	GlobalSection(ProjectConfigurationPlatforms) = postSolution
		{49318A27-22CE-469B-9552-633C01AA781A}.Debug|Win32.ActiveCfg = Debug|Win32
		{49318A27-22CE-469B-9552-633C01AA781A}.Debug|Win32.Build.0 = Debug|Win32
		{49318A27-22CE-469B-9552-633C01AA781A}.Debug|x64.ActiveCfg = Debug|x64
		{49318A27-22CE-469B-9552-633C01AA781A}.Debug|x64.Build.0 = Debug|x64
		{49318A27-22CE-469B-9552-633C01AA781A}.Release|Win32.ActiveCfg = Release|Win32
		{49318A27-22CE-469B-9552-633C01AA781A}.Release|Win32.Build.0 = Release|Win32
		{49318A27-22CE-469B-9552-633C01AA781A}.Release|x64.ActiveCfg = Release|x64
		{49318A27-22CE-469B-9552-633C01AA781A}.Release|x64.Build.0 = Release|x64
	EndGlobalSection
	GlobalSection(SolutionProperties) = preSolution
		HideSolutionNode = FALSE
	EndGlobalSection
	GlobalSection(ExtensibilityGlobals) = postSolution
		SolutionGuid = {369342DF-363F-4AA3-9495-D726FC81D758}
	EndGlobalSection
EndGlobal
